
Microsoft Visual Studio Solution File, Format Version 12.00
# Visual Studio Version 17
VisualStudioVersion = 17.9.34723.18
MinimumVisualStudioVersion = 10.0.40219.1
Project("{FAE04EC0-301F-11D3-BF4B-00C04F79EFBC}") = "Hello", "Hello.csproj", "{22506D77-6DC4-410C-9A04-C6D9427F07BA}"
EndProject
Global
	GlobalSection(SolutionConfigurationPlatforms) = preSolution
		Debug|Any CPU = Debug|Any CPU
		Release|Any CPU = Release|Any CPU
	EndGlobalSection
	GlobalSection(ProjectConfigurationPlatforms) = postSolution
		{22506D77-6DC4-410C-9A04-C6D9427F07BA}.Debug|Any CPU.ActiveCfg = Debug|Any CPU
		{22506D77-6DC4-410C-9A04-C6D9427F07BA}.Debug|Any CPU.Build.0 = Debug|Any CPU
		{22506D77-6DC4-410C-9A04-C6D9427F07BA}.Release|Any CPU.ActiveCfg = Release|Any CPU
		{22506D77-6DC4-410C-9A04-C6D9427F07BA}.Release|Any CPU.Build.0 = Release|Any CPU
	EndGlobalSection
	GlobalSection(SolutionProperties) = preSolution
		HideSolutionNode = FALSE
	EndGlobalSection
	GlobalSection(ExtensibilityGlobals) = postSolution
		SolutionGuid = {759CCD8D-5CAD-4DCA-9BF7-8982F795EE84}
	EndGlobalSection
EndGlobal
